// !$*UTF8*$!
{
	archiveVersion = 1;
	classes = {
	};
	objectVersion = 55;
	objects = {

/* Begin PBXBuildFile section */
		70E75521A471B49C4C704339 /* Pods_SatoshiWallet.framework in Frameworks */ = {isa = PBXBuildFile; fileRef = 72B27E9FC0DC936D343DCE24 /* Pods_SatoshiWallet.framework */; };
		A207164628CDE3B3008C34DF /* CustomButton.swift in Sources */ = {isa = PBXBuildFile; fileRef = A207164528CDE3B3008C34DF /* CustomButton.swift */; };
		A207164828CDE3F2008C34DF /* UIButton+Extensions.swift in Sources */ = {isa = PBXBuildFile; fileRef = A207164728CDE3F2008C34DF /* UIButton+Extensions.swift */; };
		A207164B28CE17B7008C34DF /* UIView+Extensions.swift in Sources */ = {isa = PBXBuildFile; fileRef = A207164A28CE17B7008C34DF /* UIView+Extensions.swift */; };
		A207164D28CE8525008C34DF /* DSColors.swift in Sources */ = {isa = PBXBuildFile; fileRef = A207164C28CE8525008C34DF /* DSColors.swift */; };
		A207164F28CE8904008C34DF /* ListCellViewModel.swift in Sources */ = {isa = PBXBuildFile; fileRef = A207164E28CE8904008C34DF /* ListCellViewModel.swift */; };
		A207165328CE8B9F008C34DF /* LoadableView.swift in Sources */ = {isa = PBXBuildFile; fileRef = A207165228CE8B9F008C34DF /* LoadableView.swift */; };
		A207165528CE8BC0008C34DF /* PrimaryButton.swift in Sources */ = {isa = PBXBuildFile; fileRef = A207165428CE8BC0008C34DF /* PrimaryButton.swift */; };
		A207165728CE8BCE008C34DF /* PrimaryButton.xib in Resources */ = {isa = PBXBuildFile; fileRef = A207165628CE8BCE008C34DF /* PrimaryButton.xib */; };
		A207165C28CE90CB008C34DF /* SecondaryButton.xib in Resources */ = {isa = PBXBuildFile; fileRef = A207165A28CE90CB008C34DF /* SecondaryButton.xib */; };
		A207165D28CE90CB008C34DF /* SecondaryButton.swift in Sources */ = {isa = PBXBuildFile; fileRef = A207165B28CE90CB008C34DF /* SecondaryButton.swift */; };
		A209D45928C950A800B43711 /* AppDelegate.swift in Sources */ = {isa = PBXBuildFile; fileRef = A209D45828C950A800B43711 /* AppDelegate.swift */; };
		A209D46228C950AA00B43711 /* Assets.xcassets in Resources */ = {isa = PBXBuildFile; fileRef = A209D46128C950AA00B43711 /* Assets.xcassets */; };
		A209D46528C950AA00B43711 /* LaunchScreen.storyboard in Resources */ = {isa = PBXBuildFile; fileRef = A209D46328C950AA00B43711 /* LaunchScreen.storyboard */; };
		A209D48D28C9582500B43711 /* Asset.swift in Sources */ = {isa = PBXBuildFile; fileRef = A209D48C28C9582500B43711 /* Asset.swift */; };
		A209D49228C958EC00B43711 /* ListViewController.swift in Sources */ = {isa = PBXBuildFile; fileRef = A209D49028C958EC00B43711 /* ListViewController.swift */; };
		A209D49328C958EC00B43711 /* ListViewController.xib in Resources */ = {isa = PBXBuildFile; fileRef = A209D49128C958EC00B43711 /* ListViewController.xib */; };
		A209D49628C9595400B43711 /* ListViewModel.swift in Sources */ = {isa = PBXBuildFile; fileRef = A209D49528C9595400B43711 /* ListViewModel.swift */; };
		A209D49C28C95D1900B43711 /* CoinCapAPI.swift in Sources */ = {isa = PBXBuildFile; fileRef = A209D49B28C95D1900B43711 /* CoinCapAPI.swift */; };
		A209D4A028C9688400B43711 /* ListServices.swift in Sources */ = {isa = PBXBuildFile; fileRef = A209D49F28C9688400B43711 /* ListServices.swift */; };
		A218571728CA81A200931B07 /* ListViewControllerTests.swift in Sources */ = {isa = PBXBuildFile; fileRef = A218571628CA81A200931B07 /* ListViewControllerTests.swift */; };
		A218571A28CA82FB00931B07 /* XCTestCase+Helpers.swift in Sources */ = {isa = PBXBuildFile; fileRef = A218571928CA82FB00931B07 /* XCTestCase+Helpers.swift */; };
		A218571F28CA85AC00931B07 /* ProgressView.swift in Sources */ = {isa = PBXBuildFile; fileRef = A218571E28CA85AC00931B07 /* ProgressView.swift */; };
		A218572128CA85B400931B07 /* ProgressView.xib in Resources */ = {isa = PBXBuildFile; fileRef = A218572028CA85B400931B07 /* ProgressView.xib */; };
		A218572428CA86C000931B07 /* Loading.json in Resources */ = {isa = PBXBuildFile; fileRef = A218572328CA86C000931B07 /* Loading.json */; };
		A218572628CA879100931B07 /* BaseViewController.swift in Sources */ = {isa = PBXBuildFile; fileRef = A218572528CA879100931B07 /* BaseViewController.swift */; };
		A218572928CA8AF400931B07 /* NetworkErrorView.swift in Sources */ = {isa = PBXBuildFile; fileRef = A218572828CA8AF400931B07 /* NetworkErrorView.swift */; };
		A218572B28CA8AFD00931B07 /* NetworkErrorView.xib in Resources */ = {isa = PBXBuildFile; fileRef = A218572A28CA8AFD00931B07 /* NetworkErrorView.xib */; };
		A218572F28CA8F6700931B07 /* Metaverse.json in Resources */ = {isa = PBXBuildFile; fileRef = A218572E28CA8F6700931B07 /* Metaverse.json */; };
		A218573328CA929D00931B07 /* DetailsViewController.swift in Sources */ = {isa = PBXBuildFile; fileRef = A218573128CA929D00931B07 /* DetailsViewController.swift */; };
		A218573428CA929D00931B07 /* DetailsViewController.xib in Resources */ = {isa = PBXBuildFile; fileRef = A218573228CA929D00931B07 /* DetailsViewController.xib */; };
		A218573628CA998000931B07 /* DetailsViewModel.swift in Sources */ = {isa = PBXBuildFile; fileRef = A218573528CA998000931B07 /* DetailsViewModel.swift */; };
		A21ABDD228D06A2600D3E4A7 /* CryptoFormattingTests.swift in Sources */ = {isa = PBXBuildFile; fileRef = A21ABDD128D06A2600D3E4A7 /* CryptoFormattingTests.swift */; };
		A24E73BC28D08F9700464112 /* Factories.swift in Sources */ = {isa = PBXBuildFile; fileRef = A24E73BB28D08F9700464112 /* Factories.swift */; };
		A24E73BE28D08FC400464112 /* ListServicesSuccessStub.swift in Sources */ = {isa = PBXBuildFile; fileRef = A24E73BD28D08FC400464112 /* ListServicesSuccessStub.swift */; };
		A24E73C228D0904E00464112 /* NetworkError.swift in Sources */ = {isa = PBXBuildFile; fileRef = A24E73C128D0904E00464112 /* NetworkError.swift */; };
		A270A53428CF87F0006AA6CF /* ListViewModelTests.swift in Sources */ = {isa = PBXBuildFile; fileRef = A270A53328CF87F0006AA6CF /* ListViewModelTests.swift */; };
		A270A53628CF92D7006AA6CF /* MainCoordinator.swift in Sources */ = {isa = PBXBuildFile; fileRef = A270A53528CF92D7006AA6CF /* MainCoordinator.swift */; };
		A270A53828CFB23F006AA6CF /* BitfinexAPI.swift in Sources */ = {isa = PBXBuildFile; fileRef = A270A53728CFB23F006AA6CF /* BitfinexAPI.swift */; };
		A270A53A28CFB27E006AA6CF /* Tickers.swift in Sources */ = {isa = PBXBuildFile; fileRef = A270A53928CFB27E006AA6CF /* Tickers.swift */; };
		A270A53C28CFBED7006AA6CF /* VerbosePlugin.swift in Sources */ = {isa = PBXBuildFile; fileRef = A270A53B28CFBED7006AA6CF /* VerbosePlugin.swift */; };
		A270A53F28CFD5D4006AA6CF /* Crypto.swift in Sources */ = {isa = PBXBuildFile; fileRef = A270A53E28CFD5D4006AA6CF /* Crypto.swift */; };
		A270A54228CFD7EE006AA6CF /* CryptoMapper.swift in Sources */ = {isa = PBXBuildFile; fileRef = A270A54128CFD7EE006AA6CF /* CryptoMapper.swift */; };
		A28C254028D007FC0032380A /* CryptoMapperTests.swift in Sources */ = {isa = PBXBuildFile; fileRef = A28C253F28D007FB0032380A /* CryptoMapperTests.swift */; };
		A28C254428D012460032380A /* String+ExtensionsTests.swift in Sources */ = {isa = PBXBuildFile; fileRef = A28C254328D012460032380A /* String+ExtensionsTests.swift */; };
		A29E775B28CB24AF007DC5A2 /* CustomView.swift in Sources */ = {isa = PBXBuildFile; fileRef = A29E775A28CB24AF007DC5A2 /* CustomView.swift */; };
		A2FB550828C9E293004DC74E /* String+Extensions.swift in Sources */ = {isa = PBXBuildFile; fileRef = A2FB550728C9E293004DC74E /* String+Extensions.swift */; };
		A2FBDBF628C9CF8C00AD9FE8 /* ListCell.swift in Sources */ = {isa = PBXBuildFile; fileRef = A2FBDBF428C9CF8C00AD9FE8 /* ListCell.swift */; };
		A2FBDBF728C9CF8C00AD9FE8 /* ListCell.xib in Resources */ = {isa = PBXBuildFile; fileRef = A2FBDBF528C9CF8C00AD9FE8 /* ListCell.xib */; };
		E3791A3283A4EC23D15FFE09 /* Pods_SatoshiWalletTests.framework in Frameworks */ = {isa = PBXBuildFile; fileRef = 75478356CD869106A1428847 /* Pods_SatoshiWalletTests.framework */; };
/* End PBXBuildFile section */

/* Begin PBXContainerItemProxy section */
		A209D46C28C950AA00B43711 /* PBXContainerItemProxy */ = {
			isa = PBXContainerItemProxy;
			containerPortal = A209D44D28C950A800B43711 /* Project object */;
			proxyType = 1;
			remoteGlobalIDString = A209D45428C950A800B43711;
			remoteInfo = SatoshiWallet;
		};
/* End PBXContainerItemProxy section */

/* Begin PBXFileReference section */
		0775C958EC3F00637C14F36E /* Pods-SatoshiWallet-SatoshiWalletUITests.release.xcconfig */ = {isa = PBXFileReference; includeInIndex = 1; lastKnownFileType = text.xcconfig; name = "Pods-SatoshiWallet-SatoshiWalletUITests.release.xcconfig"; path = "Target Support Files/Pods-SatoshiWallet-SatoshiWalletUITests/Pods-SatoshiWallet-SatoshiWalletUITests.release.xcconfig"; sourceTree = "<group>"; };
		35B18D21A707CADBDD4EC1C5 /* Pods_SatoshiWallet_SatoshiWalletUITests.framework */ = {isa = PBXFileReference; explicitFileType = wrapper.framework; includeInIndex = 0; path = Pods_SatoshiWallet_SatoshiWalletUITests.framework; sourceTree = BUILT_PRODUCTS_DIR; };
		59336A50D08B9D8CB9E2D98C /* Pods-SatoshiWalletTests.debug.xcconfig */ = {isa = PBXFileReference; includeInIndex = 1; lastKnownFileType = text.xcconfig; name = "Pods-SatoshiWalletTests.debug.xcconfig"; path = "Target Support Files/Pods-SatoshiWalletTests/Pods-SatoshiWalletTests.debug.xcconfig"; sourceTree = "<group>"; };
		64E57EB28DC8650C53178749 /* Pods-SatoshiWallet.release.xcconfig */ = {isa = PBXFileReference; includeInIndex = 1; lastKnownFileType = text.xcconfig; name = "Pods-SatoshiWallet.release.xcconfig"; path = "Target Support Files/Pods-SatoshiWallet/Pods-SatoshiWallet.release.xcconfig"; sourceTree = "<group>"; };
		6BE223463C5EC8644F2D9665 /* Pods-SatoshiWallet-SatoshiWalletUITests.debug.xcconfig */ = {isa = PBXFileReference; includeInIndex = 1; lastKnownFileType = text.xcconfig; name = "Pods-SatoshiWallet-SatoshiWalletUITests.debug.xcconfig"; path = "Target Support Files/Pods-SatoshiWallet-SatoshiWalletUITests/Pods-SatoshiWallet-SatoshiWalletUITests.debug.xcconfig"; sourceTree = "<group>"; };
		72B27E9FC0DC936D343DCE24 /* Pods_SatoshiWallet.framework */ = {isa = PBXFileReference; explicitFileType = wrapper.framework; includeInIndex = 0; path = Pods_SatoshiWallet.framework; sourceTree = BUILT_PRODUCTS_DIR; };
		75478356CD869106A1428847 /* Pods_SatoshiWalletTests.framework */ = {isa = PBXFileReference; explicitFileType = wrapper.framework; includeInIndex = 0; path = Pods_SatoshiWalletTests.framework; sourceTree = BUILT_PRODUCTS_DIR; };
		A207164528CDE3B3008C34DF /* CustomButton.swift */ = {isa = PBXFileReference; lastKnownFileType = sourcecode.swift; path = CustomButton.swift; sourceTree = "<group>"; };
		A207164728CDE3F2008C34DF /* UIButton+Extensions.swift */ = {isa = PBXFileReference; lastKnownFileType = sourcecode.swift; path = "UIButton+Extensions.swift"; sourceTree = "<group>"; };
		A207164A28CE17B7008C34DF /* UIView+Extensions.swift */ = {isa = PBXFileReference; lastKnownFileType = sourcecode.swift; path = "UIView+Extensions.swift"; sourceTree = "<group>"; };
		A207164C28CE8525008C34DF /* DSColors.swift */ = {isa = PBXFileReference; lastKnownFileType = sourcecode.swift; path = DSColors.swift; sourceTree = "<group>"; };
		A207164E28CE8904008C34DF /* ListCellViewModel.swift */ = {isa = PBXFileReference; lastKnownFileType = sourcecode.swift; path = ListCellViewModel.swift; sourceTree = "<group>"; };
		A207165228CE8B9F008C34DF /* LoadableView.swift */ = {isa = PBXFileReference; lastKnownFileType = sourcecode.swift; path = LoadableView.swift; sourceTree = "<group>"; };
		A207165428CE8BC0008C34DF /* PrimaryButton.swift */ = {isa = PBXFileReference; lastKnownFileType = sourcecode.swift; path = PrimaryButton.swift; sourceTree = "<group>"; };
		A207165628CE8BCE008C34DF /* PrimaryButton.xib */ = {isa = PBXFileReference; lastKnownFileType = file.xib; path = PrimaryButton.xib; sourceTree = "<group>"; };
		A207165A28CE90CB008C34DF /* SecondaryButton.xib */ = {isa = PBXFileReference; fileEncoding = 4; lastKnownFileType = file.xib; path = SecondaryButton.xib; sourceTree = "<group>"; };
		A207165B28CE90CB008C34DF /* SecondaryButton.swift */ = {isa = PBXFileReference; fileEncoding = 4; lastKnownFileType = sourcecode.swift; path = SecondaryButton.swift; sourceTree = "<group>"; };
		A209D45528C950A800B43711 /* SatoshiWallet.app */ = {isa = PBXFileReference; explicitFileType = wrapper.application; includeInIndex = 0; path = SatoshiWallet.app; sourceTree = BUILT_PRODUCTS_DIR; };
		A209D45828C950A800B43711 /* AppDelegate.swift */ = {isa = PBXFileReference; lastKnownFileType = sourcecode.swift; path = AppDelegate.swift; sourceTree = "<group>"; };
		A209D46128C950AA00B43711 /* Assets.xcassets */ = {isa = PBXFileReference; lastKnownFileType = folder.assetcatalog; path = Assets.xcassets; sourceTree = "<group>"; };
		A209D46428C950AA00B43711 /* Base */ = {isa = PBXFileReference; lastKnownFileType = file.storyboard; name = Base; path = Base.lproj/LaunchScreen.storyboard; sourceTree = "<group>"; };
		A209D46628C950AA00B43711 /* Info.plist */ = {isa = PBXFileReference; lastKnownFileType = text.plist.xml; path = Info.plist; sourceTree = "<group>"; };
		A209D46B28C950AA00B43711 /* SatoshiWalletTests.xctest */ = {isa = PBXFileReference; explicitFileType = wrapper.cfbundle; includeInIndex = 0; path = SatoshiWalletTests.xctest; sourceTree = BUILT_PRODUCTS_DIR; };
		A209D48C28C9582500B43711 /* Asset.swift */ = {isa = PBXFileReference; lastKnownFileType = sourcecode.swift; path = Asset.swift; sourceTree = "<group>"; };
		A209D49028C958EC00B43711 /* ListViewController.swift */ = {isa = PBXFileReference; lastKnownFileType = sourcecode.swift; path = ListViewController.swift; sourceTree = "<group>"; };
		A209D49128C958EC00B43711 /* ListViewController.xib */ = {isa = PBXFileReference; lastKnownFileType = file.xib; path = ListViewController.xib; sourceTree = "<group>"; };
		A209D49528C9595400B43711 /* ListViewModel.swift */ = {isa = PBXFileReference; lastKnownFileType = sourcecode.swift; path = ListViewModel.swift; sourceTree = "<group>"; };
		A209D49B28C95D1900B43711 /* CoinCapAPI.swift */ = {isa = PBXFileReference; lastKnownFileType = sourcecode.swift; path = CoinCapAPI.swift; sourceTree = "<group>"; };
		A209D49F28C9688400B43711 /* ListServices.swift */ = {isa = PBXFileReference; lastKnownFileType = sourcecode.swift; path = ListServices.swift; sourceTree = "<group>"; };
		A218571628CA81A200931B07 /* ListViewControllerTests.swift */ = {isa = PBXFileReference; lastKnownFileType = sourcecode.swift; path = ListViewControllerTests.swift; sourceTree = "<group>"; };
		A218571928CA82FB00931B07 /* XCTestCase+Helpers.swift */ = {isa = PBXFileReference; lastKnownFileType = sourcecode.swift; path = "XCTestCase+Helpers.swift"; sourceTree = "<group>"; };
		A218571E28CA85AC00931B07 /* ProgressView.swift */ = {isa = PBXFileReference; lastKnownFileType = sourcecode.swift; path = ProgressView.swift; sourceTree = "<group>"; };
		A218572028CA85B400931B07 /* ProgressView.xib */ = {isa = PBXFileReference; lastKnownFileType = file.xib; path = ProgressView.xib; sourceTree = "<group>"; };
		A218572328CA86C000931B07 /* Loading.json */ = {isa = PBXFileReference; fileEncoding = 4; lastKnownFileType = text.json; name = Loading.json; path = ../../../../../../Desktop/Loading.json; sourceTree = "<group>"; };
		A218572528CA879100931B07 /* BaseViewController.swift */ = {isa = PBXFileReference; lastKnownFileType = sourcecode.swift; path = BaseViewController.swift; sourceTree = "<group>"; };
		A218572828CA8AF400931B07 /* NetworkErrorView.swift */ = {isa = PBXFileReference; lastKnownFileType = sourcecode.swift; path = NetworkErrorView.swift; sourceTree = "<group>"; };
		A218572A28CA8AFD00931B07 /* NetworkErrorView.xib */ = {isa = PBXFileReference; lastKnownFileType = file.xib; path = NetworkErrorView.xib; sourceTree = "<group>"; };
		A218572E28CA8F6700931B07 /* Metaverse.json */ = {isa = PBXFileReference; fileEncoding = 4; lastKnownFileType = text.json; name = Metaverse.json; path = ../../../../../../Desktop/Metaverse.json; sourceTree = "<group>"; };
		A218573128CA929D00931B07 /* DetailsViewController.swift */ = {isa = PBXFileReference; lastKnownFileType = sourcecode.swift; path = DetailsViewController.swift; sourceTree = "<group>"; };
		A218573228CA929D00931B07 /* DetailsViewController.xib */ = {isa = PBXFileReference; lastKnownFileType = file.xib; path = DetailsViewController.xib; sourceTree = "<group>"; };
		A218573528CA998000931B07 /* DetailsViewModel.swift */ = {isa = PBXFileReference; lastKnownFileType = sourcecode.swift; path = DetailsViewModel.swift; sourceTree = "<group>"; };
		A21ABDD128D06A2600D3E4A7 /* CryptoFormattingTests.swift */ = {isa = PBXFileReference; lastKnownFileType = sourcecode.swift; path = CryptoFormattingTests.swift; sourceTree = "<group>"; };
		A24E73BB28D08F9700464112 /* Factories.swift */ = {isa = PBXFileReference; lastKnownFileType = sourcecode.swift; path = Factories.swift; sourceTree = "<group>"; };
		A24E73BD28D08FC400464112 /* ListServicesSuccessStub.swift */ = {isa = PBXFileReference; lastKnownFileType = sourcecode.swift; path = ListServicesSuccessStub.swift; sourceTree = "<group>"; };
		A24E73C128D0904E00464112 /* NetworkError.swift */ = {isa = PBXFileReference; lastKnownFileType = sourcecode.swift; path = NetworkError.swift; sourceTree = "<group>"; };
		A270A53328CF87F0006AA6CF /* ListViewModelTests.swift */ = {isa = PBXFileReference; lastKnownFileType = sourcecode.swift; path = ListViewModelTests.swift; sourceTree = "<group>"; };
		A270A53528CF92D7006AA6CF /* MainCoordinator.swift */ = {isa = PBXFileReference; lastKnownFileType = sourcecode.swift; path = MainCoordinator.swift; sourceTree = "<group>"; };
		A270A53728CFB23F006AA6CF /* BitfinexAPI.swift */ = {isa = PBXFileReference; lastKnownFileType = sourcecode.swift; path = BitfinexAPI.swift; sourceTree = "<group>"; };
		A270A53928CFB27E006AA6CF /* Tickers.swift */ = {isa = PBXFileReference; lastKnownFileType = sourcecode.swift; path = Tickers.swift; sourceTree = "<group>"; };
		A270A53B28CFBED7006AA6CF /* VerbosePlugin.swift */ = {isa = PBXFileReference; lastKnownFileType = sourcecode.swift; path = VerbosePlugin.swift; sourceTree = "<group>"; };
		A270A53E28CFD5D4006AA6CF /* Crypto.swift */ = {isa = PBXFileReference; lastKnownFileType = sourcecode.swift; path = Crypto.swift; sourceTree = "<group>"; };
		A270A54128CFD7EE006AA6CF /* CryptoMapper.swift */ = {isa = PBXFileReference; lastKnownFileType = sourcecode.swift; path = CryptoMapper.swift; sourceTree = "<group>"; };
		A28C253F28D007FB0032380A /* CryptoMapperTests.swift */ = {isa = PBXFileReference; lastKnownFileType = sourcecode.swift; path = CryptoMapperTests.swift; sourceTree = "<group>"; };
		A28C254328D012460032380A /* String+ExtensionsTests.swift */ = {isa = PBXFileReference; lastKnownFileType = sourcecode.swift; path = "String+ExtensionsTests.swift"; sourceTree = "<group>"; };
		A29E775A28CB24AF007DC5A2 /* CustomView.swift */ = {isa = PBXFileReference; lastKnownFileType = sourcecode.swift; path = CustomView.swift; sourceTree = "<group>"; };
		A2FB550728C9E293004DC74E /* String+Extensions.swift */ = {isa = PBXFileReference; lastKnownFileType = sourcecode.swift; path = "String+Extensions.swift"; sourceTree = "<group>"; };
		A2FBDBF428C9CF8C00AD9FE8 /* ListCell.swift */ = {isa = PBXFileReference; lastKnownFileType = sourcecode.swift; path = ListCell.swift; sourceTree = "<group>"; };
		A2FBDBF528C9CF8C00AD9FE8 /* ListCell.xib */ = {isa = PBXFileReference; lastKnownFileType = file.xib; path = ListCell.xib; sourceTree = "<group>"; };
		F108202F4E068CDEA6ADA899 /* Pods-SatoshiWalletTests.release.xcconfig */ = {isa = PBXFileReference; includeInIndex = 1; lastKnownFileType = text.xcconfig; name = "Pods-SatoshiWalletTests.release.xcconfig"; path = "Target Support Files/Pods-SatoshiWalletTests/Pods-SatoshiWalletTests.release.xcconfig"; sourceTree = "<group>"; };
		FF1B38197EFBE07251C057F3 /* Pods-SatoshiWallet.debug.xcconfig */ = {isa = PBXFileReference; includeInIndex = 1; lastKnownFileType = text.xcconfig; name = "Pods-SatoshiWallet.debug.xcconfig"; path = "Target Support Files/Pods-SatoshiWallet/Pods-SatoshiWallet.debug.xcconfig"; sourceTree = "<group>"; };
/* End PBXFileReference section */

/* Begin PBXFrameworksBuildPhase section */
		A209D45228C950A800B43711 /* Frameworks */ = {
			isa = PBXFrameworksBuildPhase;
			buildActionMask = 2147483647;
			files = (
				70E75521A471B49C4C704339 /* Pods_SatoshiWallet.framework in Frameworks */,
			);
			runOnlyForDeploymentPostprocessing = 0;
		};
		A209D46828C950AA00B43711 /* Frameworks */ = {
			isa = PBXFrameworksBuildPhase;
			buildActionMask = 2147483647;
			files = (
				E3791A3283A4EC23D15FFE09 /* Pods_SatoshiWalletTests.framework in Frameworks */,
			);
			runOnlyForDeploymentPostprocessing = 0;
		};
/* End PBXFrameworksBuildPhase section */

/* Begin PBXGroup section */
		3C5CE8BD9C25B8F940A4E557 /* Pods */ = {
			isa = PBXGroup;
			children = (
				FF1B38197EFBE07251C057F3 /* Pods-SatoshiWallet.debug.xcconfig */,
				64E57EB28DC8650C53178749 /* Pods-SatoshiWallet.release.xcconfig */,
				6BE223463C5EC8644F2D9665 /* Pods-SatoshiWallet-SatoshiWalletUITests.debug.xcconfig */,
				0775C958EC3F00637C14F36E /* Pods-SatoshiWallet-SatoshiWalletUITests.release.xcconfig */,
				59336A50D08B9D8CB9E2D98C /* Pods-SatoshiWalletTests.debug.xcconfig */,
				F108202F4E068CDEA6ADA899 /* Pods-SatoshiWalletTests.release.xcconfig */,
			);
			path = Pods;
			sourceTree = "<group>";
		};
		6701A327C49CF043856AD23C /* Frameworks */ = {
			isa = PBXGroup;
			children = (
				72B27E9FC0DC936D343DCE24 /* Pods_SatoshiWallet.framework */,
				35B18D21A707CADBDD4EC1C5 /* Pods_SatoshiWallet_SatoshiWalletUITests.framework */,
				75478356CD869106A1428847 /* Pods_SatoshiWalletTests.framework */,
			);
			name = Frameworks;
			sourceTree = "<group>";
		};
		A207165028CE8B4A008C34DF /* DSComponents */ = {
			isa = PBXGroup;
			children = (
				A207165228CE8B9F008C34DF /* LoadableView.swift */,
				A207165828CE90B5008C34DF /* Buttons */,
			);
			path = DSComponents;
			sourceTree = "<group>";
		};
		A207165128CE8B6E008C34DF /* PrimaryButton */ = {
			isa = PBXGroup;
			children = (
				A207165428CE8BC0008C34DF /* PrimaryButton.swift */,
				A207165628CE8BCE008C34DF /* PrimaryButton.xib */,
			);
			path = PrimaryButton;
			sourceTree = "<group>";
		};
		A207165828CE90B5008C34DF /* Buttons */ = {
			isa = PBXGroup;
			children = (
				A207165128CE8B6E008C34DF /* PrimaryButton */,
				A207165928CE90CB008C34DF /* SecondaryButton */,
			);
			path = Buttons;
			sourceTree = "<group>";
		};
		A207165928CE90CB008C34DF /* SecondaryButton */ = {
			isa = PBXGroup;
			children = (
				A207165B28CE90CB008C34DF /* SecondaryButton.swift */,
				A207165A28CE90CB008C34DF /* SecondaryButton.xib */,
			);
			path = SecondaryButton;
			sourceTree = "<group>";
		};
		A209D44C28C950A800B43711 = {
			isa = PBXGroup;
			children = (
				A209D45728C950A800B43711 /* SatoshiWallet */,
				A209D46E28C950AA00B43711 /* SatoshiWalletTests */,
				A209D45628C950A800B43711 /* Products */,
				3C5CE8BD9C25B8F940A4E557 /* Pods */,
				6701A327C49CF043856AD23C /* Frameworks */,
			);
			sourceTree = "<group>";
		};
		A209D45628C950A800B43711 /* Products */ = {
			isa = PBXGroup;
			children = (
				A209D45528C950A800B43711 /* SatoshiWallet.app */,
				A209D46B28C950AA00B43711 /* SatoshiWalletTests.xctest */,
			);
			name = Products;
			sourceTree = "<group>";
		};
		A209D45728C950A800B43711 /* SatoshiWallet */ = {
			isa = PBXGroup;
			children = (
				A209D48828C9528800B43711 /* Sources */,
				A209D48928C953F900B43711 /* Resources */,
				A270A54028CFD701006AA6CF /* Helpers */,
				A2FB550628C9E281004DC74E /* Extensions */,
				A209D49A28C95CFD00B43711 /* Network */,
				A218571B28CA856000931B07 /* Base */,
				A209D48A28C9543600B43711 /* Scenes */,
				A207165028CE8B4A008C34DF /* DSComponents */,
				A209D46628C950AA00B43711 /* Info.plist */,
			);
			path = SatoshiWallet;
			sourceTree = "<group>";
		};
		A209D46E28C950AA00B43711 /* SatoshiWalletTests */ = {
			isa = PBXGroup;
			children = (
				A28C253E28D007E50032380A /* Helpers */,
				A28C254228D012330032380A /* Extensions */,
				A218571528CA814F00931B07 /* Scenes */,
				A218571828CA82D700931B07 /* TestHelpers */,
			);
			path = SatoshiWalletTests;
			sourceTree = "<group>";
		};
		A209D48828C9528800B43711 /* Sources */ = {
			isa = PBXGroup;
			children = (
				A209D45828C950A800B43711 /* AppDelegate.swift */,
				A270A53528CF92D7006AA6CF /* MainCoordinator.swift */,
			);
			path = Sources;
			sourceTree = "<group>";
		};
		A209D48928C953F900B43711 /* Resources */ = {
			isa = PBXGroup;
			children = (
				A209D46128C950AA00B43711 /* Assets.xcassets */,
				A218572228CA86B600931B07 /* Lotties */,
				A207164C28CE8525008C34DF /* DSColors.swift */,
				A209D46328C950AA00B43711 /* LaunchScreen.storyboard */,
				A29E775928CB2489007DC5A2 /* CustomDesignableUI */,
			);
			path = Resources;
			sourceTree = "<group>";
		};
		A209D48A28C9543600B43711 /* Scenes */ = {
			isa = PBXGroup;
			children = (
				A270A53D28CFD5C2006AA6CF /* Models */,
				A209D49428C958FC00B43711 /* List */,
				A218573028CA928400931B07 /* Details */,
			);
			path = Scenes;
			sourceTree = "<group>";
		};
		A209D48B28C9580200B43711 /* Models */ = {
			isa = PBXGroup;
			children = (
				A209D48C28C9582500B43711 /* Asset.swift */,
				A270A53928CFB27E006AA6CF /* Tickers.swift */,
			);
			path = Models;
			sourceTree = "<group>";
		};
		A209D49428C958FC00B43711 /* List */ = {
			isa = PBXGroup;
			children = (
				A2FBDBF228C9CF5A00AD9FE8 /* Cell */,
				A209D49F28C9688400B43711 /* ListServices.swift */,
				A209D49528C9595400B43711 /* ListViewModel.swift */,
				A209D49028C958EC00B43711 /* ListViewController.swift */,
				A209D49128C958EC00B43711 /* ListViewController.xib */,
			);
			path = List;
			sourceTree = "<group>";
		};
		A209D49A28C95CFD00B43711 /* Network */ = {
			isa = PBXGroup;
			children = (
				A209D48B28C9580200B43711 /* Models */,
				A270A53728CFB23F006AA6CF /* BitfinexAPI.swift */,
				A209D49B28C95D1900B43711 /* CoinCapAPI.swift */,
				A24E73C128D0904E00464112 /* NetworkError.swift */,
				A270A53B28CFBED7006AA6CF /* VerbosePlugin.swift */,
			);
			path = Network;
			sourceTree = "<group>";
		};
		A218571528CA814F00931B07 /* Scenes */ = {
			isa = PBXGroup;
			children = (
				A21ABDD028D06A1000D3E4A7 /* Models */,
				A270A53228CF87D6006AA6CF /* List */,
			);
			path = Scenes;
			sourceTree = "<group>";
		};
		A218571828CA82D700931B07 /* TestHelpers */ = {
			isa = PBXGroup;
			children = (
				A24E73BB28D08F9700464112 /* Factories.swift */,
				A218571928CA82FB00931B07 /* XCTestCase+Helpers.swift */,
			);
			path = TestHelpers;
			sourceTree = "<group>";
		};
		A218571B28CA856000931B07 /* Base */ = {
			isa = PBXGroup;
			children = (
				A218571C28CA857400931B07 /* Progress */,
				A218572728CA8AD800931B07 /* NetworkError */,
				A218572528CA879100931B07 /* BaseViewController.swift */,
			);
			path = Base;
			sourceTree = "<group>";
		};
		A218571C28CA857400931B07 /* Progress */ = {
			isa = PBXGroup;
			children = (
				A218571E28CA85AC00931B07 /* ProgressView.swift */,
				A218572028CA85B400931B07 /* ProgressView.xib */,
			);
			path = Progress;
			sourceTree = "<group>";
		};
		A218572228CA86B600931B07 /* Lotties */ = {
			isa = PBXGroup;
			children = (
				A218572328CA86C000931B07 /* Loading.json */,
				A218572E28CA8F6700931B07 /* Metaverse.json */,
			);
			path = Lotties;
			sourceTree = "<group>";
		};
		A218572728CA8AD800931B07 /* NetworkError */ = {
			isa = PBXGroup;
			children = (
				A218572828CA8AF400931B07 /* NetworkErrorView.swift */,
				A218572A28CA8AFD00931B07 /* NetworkErrorView.xib */,
			);
			path = NetworkError;
			sourceTree = "<group>";
		};
		A218573028CA928400931B07 /* Details */ = {
			isa = PBXGroup;
			children = (
				A218573528CA998000931B07 /* DetailsViewModel.swift */,
				A218573128CA929D00931B07 /* DetailsViewController.swift */,
				A218573228CA929D00931B07 /* DetailsViewController.xib */,
			);
			path = Details;
			sourceTree = "<group>";
		};
		A21ABDD028D06A1000D3E4A7 /* Models */ = {
			isa = PBXGroup;
			children = (
				A21ABDD128D06A2600D3E4A7 /* CryptoFormattingTests.swift */,
			);
			path = Models;
			sourceTree = "<group>";
		};
		A24E73BA28D08F1E00464112 /* Stubs */ = {
			isa = PBXGroup;
			children = (
				A24E73BD28D08FC400464112 /* ListServicesSuccessStub.swift */,
			);
			path = Stubs;
			sourceTree = "<group>";
		};
		A270A53228CF87D6006AA6CF /* List */ = {
			isa = PBXGroup;
			children = (
				A24E73BA28D08F1E00464112 /* Stubs */,
				A270A53328CF87F0006AA6CF /* ListViewModelTests.swift */,
				A218571628CA81A200931B07 /* ListViewControllerTests.swift */,
			);
			path = List;
			sourceTree = "<group>";
		};
		A270A53D28CFD5C2006AA6CF /* Models */ = {
			isa = PBXGroup;
			children = (
				A270A53E28CFD5D4006AA6CF /* Crypto.swift */,
			);
			path = Models;
			sourceTree = "<group>";
		};
		A270A54028CFD701006AA6CF /* Helpers */ = {
			isa = PBXGroup;
			children = (
				A270A54128CFD7EE006AA6CF /* CryptoMapper.swift */,
			);
			path = Helpers;
			sourceTree = "<group>";
		};
		A28C253E28D007E50032380A /* Helpers */ = {
			isa = PBXGroup;
			children = (
				A28C253F28D007FB0032380A /* CryptoMapperTests.swift */,
			);
			path = Helpers;
			sourceTree = "<group>";
		};
		A28C254228D012330032380A /* Extensions */ = {
			isa = PBXGroup;
			children = (
				A28C254328D012460032380A /* String+ExtensionsTests.swift */,
			);
			path = Extensions;
			sourceTree = "<group>";
		};
		A29E775928CB2489007DC5A2 /* CustomDesignableUI */ = {
			isa = PBXGroup;
			children = (
				A29E775A28CB24AF007DC5A2 /* CustomView.swift */,
				A207164528CDE3B3008C34DF /* CustomButton.swift */,
			);
			path = CustomDesignableUI;
			sourceTree = "<group>";
		};
		A2FB550628C9E281004DC74E /* Extensions */ = {
			isa = PBXGroup;
			children = (
				A2FB550728C9E293004DC74E /* String+Extensions.swift */,
				A207164A28CE17B7008C34DF /* UIView+Extensions.swift */,
				A207164728CDE3F2008C34DF /* UIButton+Extensions.swift */,
			);
			path = Extensions;
			sourceTree = "<group>";
		};
		A2FBDBF228C9CF5A00AD9FE8 /* Cell */ = {
			isa = PBXGroup;
			children = (
				A207164E28CE8904008C34DF /* ListCellViewModel.swift */,
				A2FBDBF428C9CF8C00AD9FE8 /* ListCell.swift */,
				A2FBDBF528C9CF8C00AD9FE8 /* ListCell.xib */,
			);
			path = Cell;
			sourceTree = "<group>";
		};
/* End PBXGroup section */

/* Begin PBXNativeTarget section */
		A209D45428C950A800B43711 /* SatoshiWallet */ = {
			isa = PBXNativeTarget;
			buildConfigurationList = A209D47F28C950AA00B43711 /* Build configuration list for PBXNativeTarget "SatoshiWallet" */;
			buildPhases = (
				5769C802C6158F21EE794166 /* [CP] Check Pods Manifest.lock */,
				A209D45128C950A800B43711 /* Sources */,
				A209D45228C950A800B43711 /* Frameworks */,
				A209D45328C950A800B43711 /* Resources */,
				D3420D08FBDDBB00D1A12AE1 /* [CP] Embed Pods Frameworks */,
				A207164928CDED7E008C34DF /* SwiftLint */,
			);
			buildRules = (
			);
			dependencies = (
			);
			name = SatoshiWallet;
			productName = SatoshiWallet;
			productReference = A209D45528C950A800B43711 /* SatoshiWallet.app */;
			productType = "com.apple.product-type.application";
		};
		A209D46A28C950AA00B43711 /* SatoshiWalletTests */ = {
			isa = PBXNativeTarget;
			buildConfigurationList = A209D48228C950AA00B43711 /* Build configuration list for PBXNativeTarget "SatoshiWalletTests" */;
			buildPhases = (
				B20BB75905E5D6671FC67565 /* [CP] Check Pods Manifest.lock */,
				A209D46728C950AA00B43711 /* Sources */,
				A209D46828C950AA00B43711 /* Frameworks */,
				A209D46928C950AA00B43711 /* Resources */,
			);
			buildRules = (
			);
			dependencies = (
				A209D46D28C950AA00B43711 /* PBXTargetDependency */,
			);
			name = SatoshiWalletTests;
			productName = SatoshiWalletTests;
			productReference = A209D46B28C950AA00B43711 /* SatoshiWalletTests.xctest */;
			productType = "com.apple.product-type.bundle.unit-test";
		};
/* End PBXNativeTarget section */

/* Begin PBXProject section */
		A209D44D28C950A800B43711 /* Project object */ = {
			isa = PBXProject;
			attributes = {
				BuildIndependentTargetsInParallel = 1;
				LastSwiftUpdateCheck = 1340;
				LastUpgradeCheck = 1340;
				TargetAttributes = {
					A209D45428C950A800B43711 = {
						CreatedOnToolsVersion = 13.4.1;
					};
					A209D46A28C950AA00B43711 = {
						CreatedOnToolsVersion = 13.4.1;
						LastSwiftMigration = 1340;
						TestTargetID = A209D45428C950A800B43711;
					};
				};
			};
			buildConfigurationList = A209D45028C950A800B43711 /* Build configuration list for PBXProject "SatoshiWallet" */;
			compatibilityVersion = "Xcode 13.0";
			developmentRegion = en;
			hasScannedForEncodings = 0;
			knownRegions = (
				en,
				Base,
			);
			mainGroup = A209D44C28C950A800B43711;
			productRefGroup = A209D45628C950A800B43711 /* Products */;
			projectDirPath = "";
			projectRoot = "";
			targets = (
				A209D45428C950A800B43711 /* SatoshiWallet */,
				A209D46A28C950AA00B43711 /* SatoshiWalletTests */,
			);
		};
/* End PBXProject section */

/* Begin PBXResourcesBuildPhase section */
		A209D45328C950A800B43711 /* Resources */ = {
			isa = PBXResourcesBuildPhase;
			buildActionMask = 2147483647;
			files = (
				A209D46528C950AA00B43711 /* LaunchScreen.storyboard in Resources */,
				A218572F28CA8F6700931B07 /* Metaverse.json in Resources */,
				A2FBDBF728C9CF8C00AD9FE8 /* ListCell.xib in Resources */,
				A218572428CA86C000931B07 /* Loading.json in Resources */,
				A207165728CE8BCE008C34DF /* PrimaryButton.xib in Resources */,
				A218572128CA85B400931B07 /* ProgressView.xib in Resources */,
				A209D46228C950AA00B43711 /* Assets.xcassets in Resources */,
				A207165C28CE90CB008C34DF /* SecondaryButton.xib in Resources */,
				A218572B28CA8AFD00931B07 /* NetworkErrorView.xib in Resources */,
				A209D49328C958EC00B43711 /* ListViewController.xib in Resources */,
				A218573428CA929D00931B07 /* DetailsViewController.xib in Resources */,
			);
			runOnlyForDeploymentPostprocessing = 0;
		};
		A209D46928C950AA00B43711 /* Resources */ = {
			isa = PBXResourcesBuildPhase;
			buildActionMask = 2147483647;
			files = (
			);
			runOnlyForDeploymentPostprocessing = 0;
		};
/* End PBXResourcesBuildPhase section */

/* Begin PBXShellScriptBuildPhase section */
		5769C802C6158F21EE794166 /* [CP] Check Pods Manifest.lock */ = {
			isa = PBXShellScriptBuildPhase;
			buildActionMask = 2147483647;
			files = (
			);
			inputFileListPaths = (
			);
			inputPaths = (
				"${PODS_PODFILE_DIR_PATH}/Podfile.lock",
				"${PODS_ROOT}/Manifest.lock",
			);
			name = "[CP] Check Pods Manifest.lock";
			outputFileListPaths = (
			);
			outputPaths = (
				"$(DERIVED_FILE_DIR)/Pods-SatoshiWallet-checkManifestLockResult.txt",
			);
			runOnlyForDeploymentPostprocessing = 0;
			shellPath = /bin/sh;
			shellScript = "diff \"${PODS_PODFILE_DIR_PATH}/Podfile.lock\" \"${PODS_ROOT}/Manifest.lock\" > /dev/null\nif [ $? != 0 ] ; then\n    # print error to STDERR\n    echo \"error: The sandbox is not in sync with the Podfile.lock. Run 'pod install' or update your CocoaPods installation.\" >&2\n    exit 1\nfi\n# This output is used by Xcode 'outputs' to avoid re-running this script phase.\necho \"SUCCESS\" > \"${SCRIPT_OUTPUT_FILE_0}\"\n";
			showEnvVarsInLog = 0;
		};
		A207164928CDED7E008C34DF /* SwiftLint */ = {
			isa = PBXShellScriptBuildPhase;
			buildActionMask = 2147483647;
			files = (
			);
			inputFileListPaths = (
			);
			inputPaths = (
			);
			name = SwiftLint;
			outputFileListPaths = (
			);
			outputPaths = (
			);
			runOnlyForDeploymentPostprocessing = 0;
			shellPath = /bin/sh;
			shellScript = "${PODS_ROOT}/SwiftLint/swiftlint\n";
		};
		B20BB75905E5D6671FC67565 /* [CP] Check Pods Manifest.lock */ = {
			isa = PBXShellScriptBuildPhase;
			buildActionMask = 2147483647;
			files = (
			);
			inputFileListPaths = (
			);
			inputPaths = (
				"${PODS_PODFILE_DIR_PATH}/Podfile.lock",
				"${PODS_ROOT}/Manifest.lock",
			);
			name = "[CP] Check Pods Manifest.lock";
			outputFileListPaths = (
			);
			outputPaths = (
				"$(DERIVED_FILE_DIR)/Pods-SatoshiWalletTests-checkManifestLockResult.txt",
			);
			runOnlyForDeploymentPostprocessing = 0;
			shellPath = /bin/sh;
			shellScript = "diff \"${PODS_PODFILE_DIR_PATH}/Podfile.lock\" \"${PODS_ROOT}/Manifest.lock\" > /dev/null\nif [ $? != 0 ] ; then\n    # print error to STDERR\n    echo \"error: The sandbox is not in sync with the Podfile.lock. Run 'pod install' or update your CocoaPods installation.\" >&2\n    exit 1\nfi\n# This output is used by Xcode 'outputs' to avoid re-running this script phase.\necho \"SUCCESS\" > \"${SCRIPT_OUTPUT_FILE_0}\"\n";
			showEnvVarsInLog = 0;
		};
		D3420D08FBDDBB00D1A12AE1 /* [CP] Embed Pods Frameworks */ = {
			isa = PBXShellScriptBuildPhase;
			buildActionMask = 2147483647;
			files = (
			);
			inputFileListPaths = (
				"${PODS_ROOT}/Target Support Files/Pods-SatoshiWallet/Pods-SatoshiWallet-frameworks-${CONFIGURATION}-input-files.xcfilelist",
			);
			name = "[CP] Embed Pods Frameworks";
			outputFileListPaths = (
				"${PODS_ROOT}/Target Support Files/Pods-SatoshiWallet/Pods-SatoshiWallet-frameworks-${CONFIGURATION}-output-files.xcfilelist",
			);
			runOnlyForDeploymentPostprocessing = 0;
			shellPath = /bin/sh;
			shellScript = "\"${PODS_ROOT}/Target Support Files/Pods-SatoshiWallet/Pods-SatoshiWallet-frameworks.sh\"\n";
			showEnvVarsInLog = 0;
		};
/* End PBXShellScriptBuildPhase section */

/* Begin PBXSourcesBuildPhase section */
		A209D45128C950A800B43711 /* Sources */ = {
			isa = PBXSourcesBuildPhase;
			buildActionMask = 2147483647;
			files = (
				A29E775B28CB24AF007DC5A2 /* CustomView.swift in Sources */,
				A24E73C228D0904E00464112 /* NetworkError.swift in Sources */,
				A209D4A028C9688400B43711 /* ListServices.swift in Sources */,
				A207164D28CE8525008C34DF /* DSColors.swift in Sources */,
				A2FBDBF628C9CF8C00AD9FE8 /* ListCell.swift in Sources */,
				A207165D28CE90CB008C34DF /* SecondaryButton.swift in Sources */,
				A218572628CA879100931B07 /* BaseViewController.swift in Sources */,
				A207164628CDE3B3008C34DF /* CustomButton.swift in Sources */,
				A270A53A28CFB27E006AA6CF /* Tickers.swift in Sources */,
				A207164F28CE8904008C34DF /* ListCellViewModel.swift in Sources */,
				A270A53C28CFBED7006AA6CF /* VerbosePlugin.swift in Sources */,
				A270A53628CF92D7006AA6CF /* MainCoordinator.swift in Sources */,
				A209D49C28C95D1900B43711 /* CoinCapAPI.swift in Sources */,
				A270A53F28CFD5D4006AA6CF /* Crypto.swift in Sources */,
				A218572928CA8AF400931B07 /* NetworkErrorView.swift in Sources */,
				A209D48D28C9582500B43711 /* Asset.swift in Sources */,
				A2FB550828C9E293004DC74E /* String+Extensions.swift in Sources */,
				A209D49228C958EC00B43711 /* ListViewController.swift in Sources */,
				A207165528CE8BC0008C34DF /* PrimaryButton.swift in Sources */,
				A207165328CE8B9F008C34DF /* LoadableView.swift in Sources */,
				A209D49628C9595400B43711 /* ListViewModel.swift in Sources */,
				A270A54228CFD7EE006AA6CF /* CryptoMapper.swift in Sources */,
				A207164828CDE3F2008C34DF /* UIButton+Extensions.swift in Sources */,
				A207164B28CE17B7008C34DF /* UIView+Extensions.swift in Sources */,
				A218571F28CA85AC00931B07 /* ProgressView.swift in Sources */,
				A209D45928C950A800B43711 /* AppDelegate.swift in Sources */,
				A218573628CA998000931B07 /* DetailsViewModel.swift in Sources */,
				A270A53828CFB23F006AA6CF /* BitfinexAPI.swift in Sources */,
				A218573328CA929D00931B07 /* DetailsViewController.swift in Sources */,
			);
			runOnlyForDeploymentPostprocessing = 0;
		};
		A209D46728C950AA00B43711 /* Sources */ = {
			isa = PBXSourcesBuildPhase;
			buildActionMask = 2147483647;
			files = (
				A24E73BC28D08F9700464112 /* Factories.swift in Sources */,
				A28C254428D012460032380A /* String+ExtensionsTests.swift in Sources */,
				A21ABDD228D06A2600D3E4A7 /* CryptoFormattingTests.swift in Sources */,
				A218571A28CA82FB00931B07 /* XCTestCase+Helpers.swift in Sources */,
				A218571728CA81A200931B07 /* ListViewControllerTests.swift in Sources */,
				A270A53428CF87F0006AA6CF /* ListViewModelTests.swift in Sources */,
				A28C254028D007FC0032380A /* CryptoMapperTests.swift in Sources */,
				A24E73BE28D08FC400464112 /* ListServicesSuccessStub.swift in Sources */,
			);
			runOnlyForDeploymentPostprocessing = 0;
		};
/* End PBXSourcesBuildPhase section */

/* Begin PBXTargetDependency section */
		A209D46D28C950AA00B43711 /* PBXTargetDependency */ = {
			isa = PBXTargetDependency;
			target = A209D45428C950A800B43711 /* SatoshiWallet */;
			targetProxy = A209D46C28C950AA00B43711 /* PBXContainerItemProxy */;
		};
/* End PBXTargetDependency section */

/* Begin PBXVariantGroup section */
		A209D46328C950AA00B43711 /* LaunchScreen.storyboard */ = {
			isa = PBXVariantGroup;
			children = (
				A209D46428C950AA00B43711 /* Base */,
			);
			name = LaunchScreen.storyboard;
			sourceTree = "<group>";
		};
/* End PBXVariantGroup section */

/* Begin XCBuildConfiguration section */
		A209D47D28C950AA00B43711 /* Debug */ = {
			isa = XCBuildConfiguration;
			buildSettings = {
				ALWAYS_SEARCH_USER_PATHS = NO;
				CLANG_ANALYZER_NONNULL = YES;
				CLANG_ANALYZER_NUMBER_OBJECT_CONVERSION = YES_AGGRESSIVE;
				CLANG_CXX_LANGUAGE_STANDARD = "gnu++17";
				CLANG_ENABLE_MODULES = YES;
				CLANG_ENABLE_OBJC_ARC = YES;
				CLANG_ENABLE_OBJC_WEAK = YES;
				CLANG_WARN_BLOCK_CAPTURE_AUTORELEASING = YES;
				CLANG_WARN_BOOL_CONVERSION = YES;
				CLANG_WARN_COMMA = YES;
				CLANG_WARN_CONSTANT_CONVERSION = YES;
				CLANG_WARN_DEPRECATED_OBJC_IMPLEMENTATIONS = YES;
				CLANG_WARN_DIRECT_OBJC_ISA_USAGE = YES_ERROR;
				CLANG_WARN_DOCUMENTATION_COMMENTS = YES;
				CLANG_WARN_EMPTY_BODY = YES;
				CLANG_WARN_ENUM_CONVERSION = YES;
				CLANG_WARN_INFINITE_RECURSION = YES;
				CLANG_WARN_INT_CONVERSION = YES;
				CLANG_WARN_NON_LITERAL_NULL_CONVERSION = YES;
				CLANG_WARN_OBJC_IMPLICIT_RETAIN_SELF = YES;
				CLANG_WARN_OBJC_LITERAL_CONVERSION = YES;
				CLANG_WARN_OBJC_ROOT_CLASS = YES_ERROR;
				CLANG_WARN_QUOTED_INCLUDE_IN_FRAMEWORK_HEADER = YES;
				CLANG_WARN_RANGE_LOOP_ANALYSIS = YES;
				CLANG_WARN_STRICT_PROTOTYPES = YES;
				CLANG_WARN_SUSPICIOUS_MOVE = YES;
				CLANG_WARN_UNGUARDED_AVAILABILITY = YES_AGGRESSIVE;
				CLANG_WARN_UNREACHABLE_CODE = YES;
				CLANG_WARN__DUPLICATE_METHOD_MATCH = YES;
				COPY_PHASE_STRIP = NO;
				DEBUG_INFORMATION_FORMAT = dwarf;
				ENABLE_STRICT_OBJC_MSGSEND = YES;
				ENABLE_TESTABILITY = YES;
				GCC_C_LANGUAGE_STANDARD = gnu11;
				GCC_DYNAMIC_NO_PIC = NO;
				GCC_NO_COMMON_BLOCKS = YES;
				GCC_OPTIMIZATION_LEVEL = 0;
				GCC_PREPROCESSOR_DEFINITIONS = (
					"DEBUG=1",
					"$(inherited)",
				);
				GCC_WARN_64_TO_32_BIT_CONVERSION = YES;
				GCC_WARN_ABOUT_RETURN_TYPE = YES_ERROR;
				GCC_WARN_UNDECLARED_SELECTOR = YES;
				GCC_WARN_UNINITIALIZED_AUTOS = YES_AGGRESSIVE;
				GCC_WARN_UNUSED_FUNCTION = YES;
				GCC_WARN_UNUSED_VARIABLE = YES;
				IPHONEOS_DEPLOYMENT_TARGET = 14.0;
				MTL_ENABLE_DEBUG_INFO = INCLUDE_SOURCE;
				MTL_FAST_MATH = YES;
				ONLY_ACTIVE_ARCH = YES;
				SDKROOT = iphoneos;
				SWIFT_ACTIVE_COMPILATION_CONDITIONS = DEBUG;
				SWIFT_OPTIMIZATION_LEVEL = "-Onone";
			};
			name = Debug;
		};
		A209D47E28C950AA00B43711 /* Release */ = {
			isa = XCBuildConfiguration;
			buildSettings = {
				ALWAYS_SEARCH_USER_PATHS = NO;
				CLANG_ANALYZER_NONNULL = YES;
				CLANG_ANALYZER_NUMBER_OBJECT_CONVERSION = YES_AGGRESSIVE;
				CLANG_CXX_LANGUAGE_STANDARD = "gnu++17";
				CLANG_ENABLE_MODULES = YES;
				CLANG_ENABLE_OBJC_ARC = YES;
				CLANG_ENABLE_OBJC_WEAK = YES;
				CLANG_WARN_BLOCK_CAPTURE_AUTORELEASING = YES;
				CLANG_WARN_BOOL_CONVERSION = YES;
				CLANG_WARN_COMMA = YES;
				CLANG_WARN_CONSTANT_CONVERSION = YES;
				CLANG_WARN_DEPRECATED_OBJC_IMPLEMENTATIONS = YES;
				CLANG_WARN_DIRECT_OBJC_ISA_USAGE = YES_ERROR;
				CLANG_WARN_DOCUMENTATION_COMMENTS = YES;
				CLANG_WARN_EMPTY_BODY = YES;
				CLANG_WARN_ENUM_CONVERSION = YES;
				CLANG_WARN_INFINITE_RECURSION = YES;
				CLANG_WARN_INT_CONVERSION = YES;
				CLANG_WARN_NON_LITERAL_NULL_CONVERSION = YES;
				CLANG_WARN_OBJC_IMPLICIT_RETAIN_SELF = YES;
				CLANG_WARN_OBJC_LITERAL_CONVERSION = YES;
				CLANG_WARN_OBJC_ROOT_CLASS = YES_ERROR;
				CLANG_WARN_QUOTED_INCLUDE_IN_FRAMEWORK_HEADER = YES;
				CLANG_WARN_RANGE_LOOP_ANALYSIS = YES;
				CLANG_WARN_STRICT_PROTOTYPES = YES;
				CLANG_WARN_SUSPICIOUS_MOVE = YES;
				CLANG_WARN_UNGUARDED_AVAILABILITY = YES_AGGRESSIVE;
				CLANG_WARN_UNREACHABLE_CODE = YES;
				CLANG_WARN__DUPLICATE_METHOD_MATCH = YES;
				COPY_PHASE_STRIP = NO;
				DEBUG_INFORMATION_FORMAT = "dwarf-with-dsym";
				ENABLE_NS_ASSERTIONS = NO;
				ENABLE_STRICT_OBJC_MSGSEND = YES;
				GCC_C_LANGUAGE_STANDARD = gnu11;
				GCC_NO_COMMON_BLOCKS = YES;
				GCC_WARN_64_TO_32_BIT_CONVERSION = YES;
				GCC_WARN_ABOUT_RETURN_TYPE = YES_ERROR;
				GCC_WARN_UNDECLARED_SELECTOR = YES;
				GCC_WARN_UNINITIALIZED_AUTOS = YES_AGGRESSIVE;
				GCC_WARN_UNUSED_FUNCTION = YES;
				GCC_WARN_UNUSED_VARIABLE = YES;
				IPHONEOS_DEPLOYMENT_TARGET = 14.0;
				MTL_ENABLE_DEBUG_INFO = NO;
				MTL_FAST_MATH = YES;
				SDKROOT = iphoneos;
				SWIFT_COMPILATION_MODE = wholemodule;
				SWIFT_OPTIMIZATION_LEVEL = "-O";
				VALIDATE_PRODUCT = YES;
			};
			name = Release;
		};
		A209D48028C950AA00B43711 /* Debug */ = {
			isa = XCBuildConfiguration;
			baseConfigurationReference = FF1B38197EFBE07251C057F3 /* Pods-SatoshiWallet.debug.xcconfig */;
			buildSettings = {
				ASSETCATALOG_COMPILER_APPICON_NAME = AppIcon;
				ASSETCATALOG_COMPILER_GLOBAL_ACCENT_COLOR_NAME = AccentColor;
				CODE_SIGN_STYLE = Automatic;
				CURRENT_PROJECT_VERSION = 1;
				DEVELOPMENT_TEAM = QYTBFAGYUA;
				GENERATE_INFOPLIST_FILE = YES;
				INFOPLIST_FILE = SatoshiWallet/Info.plist;
				INFOPLIST_KEY_UIApplicationSupportsIndirectInputEvents = YES;
				INFOPLIST_KEY_UILaunchStoryboardName = LaunchScreen;
				INFOPLIST_KEY_UISupportedInterfaceOrientations = UIInterfaceOrientationPortrait;
				INFOPLIST_KEY_UISupportedInterfaceOrientations_iPad = "UIInterfaceOrientationPortrait UIInterfaceOrientationPortraitUpsideDown UIInterfaceOrientationLandscapeLeft UIInterfaceOrientationLandscapeRight";
				INFOPLIST_KEY_UISupportedInterfaceOrientations_iPhone = UIInterfaceOrientationPortrait;
				LD_RUNPATH_SEARCH_PATHS = (
					"$(inherited)",
					"@executable_path/Frameworks",
				);
				MARKETING_VERSION = 1.0;
				PRODUCT_BUNDLE_IDENTIFIER = imagine.dev.SatoshiWallet;
				PRODUCT_NAME = "$(TARGET_NAME)";
				SWIFT_EMIT_LOC_STRINGS = YES;
				SWIFT_VERSION = 5.0;
				TARGETED_DEVICE_FAMILY = "1,2";
			};
			name = Debug;
		};
		A209D48128C950AA00B43711 /* Release */ = {
			isa = XCBuildConfiguration;
			baseConfigurationReference = 64E57EB28DC8650C53178749 /* Pods-SatoshiWallet.release.xcconfig */;
			buildSettings = {
				ASSETCATALOG_COMPILER_APPICON_NAME = AppIcon;
				ASSETCATALOG_COMPILER_GLOBAL_ACCENT_COLOR_NAME = AccentColor;
				CODE_SIGN_STYLE = Automatic;
				CURRENT_PROJECT_VERSION = 1;
				DEVELOPMENT_TEAM = QYTBFAGYUA;
				GENERATE_INFOPLIST_FILE = YES;
				INFOPLIST_FILE = SatoshiWallet/Info.plist;
				INFOPLIST_KEY_UIApplicationSupportsIndirectInputEvents = YES;
				INFOPLIST_KEY_UILaunchStoryboardName = LaunchScreen;
				INFOPLIST_KEY_UISupportedInterfaceOrientations = UIInterfaceOrientationPortrait;
				INFOPLIST_KEY_UISupportedInterfaceOrientations_iPad = "UIInterfaceOrientationPortrait UIInterfaceOrientationPortraitUpsideDown UIInterfaceOrientationLandscapeLeft UIInterfaceOrientationLandscapeRight";
				INFOPLIST_KEY_UISupportedInterfaceOrientations_iPhone = UIInterfaceOrientationPortrait;
				LD_RUNPATH_SEARCH_PATHS = (
					"$(inherited)",
					"@executable_path/Frameworks",
				);
				MARKETING_VERSION = 1.0;
				PRODUCT_BUNDLE_IDENTIFIER = imagine.dev.SatoshiWallet;
				PRODUCT_NAME = "$(TARGET_NAME)";
				SWIFT_EMIT_LOC_STRINGS = YES;
				SWIFT_VERSION = 5.0;
				TARGETED_DEVICE_FAMILY = "1,2";
			};
			name = Release;
		};
		A209D48328C950AA00B43711 /* Debug */ = {
			isa = XCBuildConfiguration;
			baseConfigurationReference = 59336A50D08B9D8CB9E2D98C /* Pods-SatoshiWalletTests.debug.xcconfig */;
			buildSettings = {
				ALWAYS_EMBED_SWIFT_STANDARD_LIBRARIES = YES;
				BUNDLE_LOADER = "$(TEST_HOST)";
				CLANG_ENABLE_MODULES = YES;
				CODE_SIGN_STYLE = Automatic;
				CURRENT_PROJECT_VERSION = 1;
				DEVELOPMENT_TEAM = QYTBFAGYUA;
				GENERATE_INFOPLIST_FILE = YES;
				IPHONEOS_DEPLOYMENT_TARGET = 15.5;
				LD_RUNPATH_SEARCH_PATHS = (
					"$(inherited)",
					"@executable_path/Frameworks",
					"@loader_path/Frameworks",
				);
				MARKETING_VERSION = 1.0;
				PRODUCT_BUNDLE_IDENTIFIER = imagine.dev.SatoshiWalletTests;
				PRODUCT_NAME = "$(TARGET_NAME)";
				SWIFT_EMIT_LOC_STRINGS = NO;
				SWIFT_OPTIMIZATION_LEVEL = "-Onone";
				SWIFT_VERSION = 5.0;
				TARGETED_DEVICE_FAMILY = "1,2";
				TEST_HOST = "$(BUILT_PRODUCTS_DIR)/SatoshiWallet.app/SatoshiWallet";
			};
			name = Debug;
		};
		A209D48428C950AA00B43711 /* Release */ = {
			isa = XCBuildConfiguration;
			baseConfigurationReference = F108202F4E068CDEA6ADA899 /* Pods-SatoshiWalletTests.release.xcconfig */;
			buildSettings = {
				ALWAYS_EMBED_SWIFT_STANDARD_LIBRARIES = YES;
				BUNDLE_LOADER = "$(TEST_HOST)";
				CLANG_ENABLE_MODULES = YES;
				CODE_SIGN_STYLE = Automatic;
				CURRENT_PROJECT_VERSION = 1;
				DEVELOPMENT_TEAM = QYTBFAGYUA;
				GENERATE_INFOPLIST_FILE = YES;
				IPHONEOS_DEPLOYMENT_TARGET = 15.5;
				LD_RUNPATH_SEARCH_PATHS = (
					"$(inherited)",
					"@executable_path/Frameworks",
					"@loader_path/Frameworks",
				);
				MARKETING_VERSION = 1.0;
				PRODUCT_BUNDLE_IDENTIFIER = imagine.dev.SatoshiWalletTests;
				PRODUCT_NAME = "$(TARGET_NAME)";
				SWIFT_EMIT_LOC_STRINGS = NO;
				SWIFT_VERSION = 5.0;
				TARGETED_DEVICE_FAMILY = "1,2";
				TEST_HOST = "$(BUILT_PRODUCTS_DIR)/SatoshiWallet.app/SatoshiWallet";
			};
			name = Release;
		};
/* End XCBuildConfiguration section */

/* Begin XCConfigurationList section */
		A209D45028C950A800B43711 /* Build configuration list for PBXProject "SatoshiWallet" */ = {
			isa = XCConfigurationList;
			buildConfigurations = (
				A209D47D28C950AA00B43711 /* Debug */,
				A209D47E28C950AA00B43711 /* Release */,
			);
			defaultConfigurationIsVisible = 0;
			defaultConfigurationName = Release;
		};
		A209D47F28C950AA00B43711 /* Build configuration list for PBXNativeTarget "SatoshiWallet" */ = {
			isa = XCConfigurationList;
			buildConfigurations = (
				A209D48028C950AA00B43711 /* Debug */,
				A209D48128C950AA00B43711 /* Release */,
			);
			defaultConfigurationIsVisible = 0;
			defaultConfigurationName = Release;
		};
		A209D48228C950AA00B43711 /* Build configuration list for PBXNativeTarget "SatoshiWalletTests" */ = {
			isa = XCConfigurationList;
			buildConfigurations = (
				A209D48328C950AA00B43711 /* Debug */,
				A209D48428C950AA00B43711 /* Release */,
			);
			defaultConfigurationIsVisible = 0;
			defaultConfigurationName = Release;
		};
/* End XCConfigurationList section */
	};
	rootObject = A209D44D28C950A800B43711 /* Project object */;
}
